<?xml version="1.0" encoding="utf-8"?>
<Project ToolsVersion="4.0" xmlns="http://schemas.microsoft.com/developer/msbuild/2003">
  <ItemGroup>
    <Filter Include="Source Files">
      <UniqueIdentifier>{4FC737F1-C7A5-4376-A066-2A32D752A2FF}</UniqueIdentifier>
      <Extensions>cpp;c;cc;cxx;def;odl;idl;hpj;bat;asm;asmx</Extensions>
    </Filter>
    <Filter Include="Header Files">
      <UniqueIdentifier>{93995380-89BD-4b04-88EB-625FBE52EBFB}</UniqueIdentifier>
      <Extensions>h;hpp;hxx;hm;inl;inc;xsd</Extensions>
    </Filter>
    <Filter Include="Resource Files">
      <UniqueIdentifier>{67DA6AB6-F800-4c08-8B7A-83BB121AAD01}</UniqueIdentifier>
      <Extensions>rc;ico;cur;bmp;dlg;rc2;rct;bin;rgs;gif;jpg;jpeg;jpe;resx;tiff;tif;png;wav;mfcribbon-ms</Extensions>
    </Filter>
  </ItemGroup>
  <ItemGroup>
    <ClCompile Include="..\AgriPoliS.cpp">
      <Filter>Source Files</Filter>
    </ClCompile>
    <ClCompile Include="..\evalkern.cpp">
      <Filter>Source Files</Filter>
    </ClCompile>
    <ClCompile Include="..\Evaluator.cpp">
      <Filter>Source Files</Filter>
    </ClCompile>
    <ClCompile Include="..\evalwrap.cpp">
      <Filter>Source Files</Filter>
    </ClCompile>
    <ClCompile Include="..\OutputControl.cpp">
      <Filter>Source Files</Filter>
    </ClCompile>
    <ClCompile Include="..\random.cpp">
      <Filter>Source Files</Filter>
    </ClCompile>
    <ClCompile Include="..\RegData.cpp">
      <Filter>Source Files</Filter>
    </ClCompile>
    <ClCompile Include="..\RegEnvInfo.cpp">
      <Filter>Source Files</Filter>
    </ClCompile>
    <ClCompile Include="..\RegFarm.cpp">
      <Filter>Source Files</Filter>
    </ClCompile>
    <ClCompile Include="..\RegGlobals.cpp">
      <Filter>Source Files</Filter>
    </ClCompile>
    <ClCompile Include="..\RegInvest.cpp">
      <Filter>Source Files</Filter>
    </ClCompile>
    <ClCompile Include="..\RegLabour.cpp">
      <Filter>Source Files</Filter>
    </ClCompile>
    <ClCompile Include="..\RegLink.cpp">
      <Filter>Source Files</Filter>
    </ClCompile>
    <ClCompile Include="..\RegLpD.cpp">
      <Filter>Source Files</Filter>
    </ClCompile>
    <ClCompile Include="..\RegManager.cpp">
      <Filter>Source Files</Filter>
    </ClCompile>
    <ClCompile Include="..\RegMarket.cpp">
      <Filter>Source Files</Filter>
    </ClCompile>
    <ClCompile Include="..\RegPlot.cpp">
      <Filter>Source Files</Filter>
    </ClCompile>
    <ClCompile Include="..\RegPlotInformation.cpp">
      <Filter>Source Files</Filter>
    </ClCompile>
    <ClCompile Include="..\RegProduct.cpp">
      <Filter>Source Files</Filter>
    </ClCompile>
    <ClCompile Include="..\RegResults.cpp">
      <Filter>Source Files</Filter>
    </ClCompile>
    <ClCompile Include="..\RegStructure.cpp">
      <Filter>Source Files</Filter>
    </ClCompile>
    <ClCompile Include="..\textinput.cpp">
      <Filter>Source Files</Filter>
    </ClCompile>
    <ClCompile Include="..\RegRegr.cpp">
      <Filter>Source Files</Filter>
    </ClCompile>
  </ItemGroup>
  <ItemGroup>
    <ClInclude Include="..\evalkern.h">
      <Filter>Header Files</Filter>
    </ClInclude>
    <ClInclude Include="..\Evaluator.h">
      <Filter>Header Files</Filter>
    </ClInclude>
    <ClInclude Include="..\evalwrap.h">
      <Filter>Header Files</Filter>
    </ClInclude>
    <ClInclude Include="..\frontkey.h">
      <Filter>Header Files</Filter>
    </ClInclude>
    <ClInclude Include="..\MipBuild.H">
      <Filter>Header Files</Filter>
    </ClInclude>
    <ClInclude Include="..\OutputControl.h">
      <Filter>Header Files</Filter>
    </ClInclude>
    <ClInclude Include="..\random.h">
      <Filter>Header Files</Filter>
    </ClInclude>
    <ClInclude Include="..\RegData.h">
      <Filter>Header Files</Filter>
    </ClInclude>
    <ClInclude Include="..\RegEnvInfo.h">
      <Filter>Header Files</Filter>
    </ClInclude>
    <ClInclude Include="..\RegFarm.h">
      <Filter>Header Files</Filter>
    </ClInclude>
    <ClInclude Include="..\RegGlobals.h">
      <Filter>Header Files</Filter>
    </ClInclude>
    <ClInclude Include="..\RegInvest.h">
      <Filter>Header Files</Filter>
    </ClInclude>
    <ClInclude Include="..\RegLabour.h">
      <Filter>Header Files</Filter>
    </ClInclude>
    <ClInclude Include="..\RegLink.h">
      <Filter>Header Files</Filter>
    </ClInclude>
    <ClInclude Include="..\RegLpD.h">
      <Filter>Header Files</Filter>
    </ClInclude>
    <ClInclude Include="..\RegManager.h">
      <Filter>Header Files</Filter>
    </ClInclude>
    <ClInclude Include="..\RegMarket.h">
      <Filter>Header Files</Filter>
    </ClInclude>
    <ClInclude Include="..\RegMessages.h">
      <Filter>Header Files</Filter>
    </ClInclude>
    <ClInclude Include="..\RegPlot.h">
      <Filter>Header Files</Filter>
    </ClInclude>
    <ClInclude Include="..\RegPlotInformation.h">
      <Filter>Header Files</Filter>
    </ClInclude>
    <ClInclude Include="..\RegProduct.h">
      <Filter>Header Files</Filter>
    </ClInclude>
    <ClInclude Include="..\RegResults.h">
      <Filter>Header Files</Filter>
    </ClInclude>
    <ClInclude Include="..\RegStructure.h">
      <Filter>Header Files</Filter>
    </ClInclude>
    <ClInclude Include="..\SimpleOpt.h">
      <Filter>Header Files</Filter>
    </ClInclude>
    <ClInclude Include="..\textinput.h">
      <Filter>Header Files</Filter>
    </ClInclude>
    <ClInclude Include="..\solverwahl.h">
      <Filter>Header Files</Filter>
    </ClInclude>
    <ClInclude Include="..\glpk.h">
      <Filter>Header Files</Filter>
    </ClInclude>
    <ClInclude Include="..\AgriPoliS.h">
      <Filter>Header Files</Filter>
    </ClInclude>
    <ClInclude Include="..\RegRegr.h">
      <Filter>Header Files</Filter>
    </ClInclude>
  </ItemGroup>
  <ItemGroup>
    <Library Include="..\glpk_4_45.lib" />
  </ItemGroup>
</Project>